// !$*UTF8*$!
{
	archiveVersion = 1;
	classes = {
	};
	objectVersion = 55;
	objects = {

/* Begin PBXBuildFile section */
		B323FB4D283130330066C600 /* HandbookCollectionViewCell.swift in Sources */ = {isa = PBXBuildFile; fileRef = B323FB4C283130330066C600 /* HandbookCollectionViewCell.swift */; };
		B339A7672831527E0049E698 /* Course.swift in Sources */ = {isa = PBXBuildFile; fileRef = B339A7662831527E0049E698 /* Course.swift */; };
		B3F12CA8283A5DE40026B1D3 /* CoursesTableViewCell.swift in Sources */ = {isa = PBXBuildFile; fileRef = B3F12CA7283A5DE40026B1D3 /* CoursesTableViewCell.swift */; };
		B3FD9961282D048B00A1D268 /* AppDelegate.swift in Sources */ = {isa = PBXBuildFile; fileRef = B3FD9960282D048B00A1D268 /* AppDelegate.swift */; };
		B3FD9963282D048B00A1D268 /* SceneDelegate.swift in Sources */ = {isa = PBXBuildFile; fileRef = B3FD9962282D048B00A1D268 /* SceneDelegate.swift */; };
		B3FD9965282D048B00A1D268 /* FeaturedViewController.swift in Sources */ = {isa = PBXBuildFile; fileRef = B3FD9964282D048B00A1D268 /* FeaturedViewController.swift */; };
		B3FD9968282D048C00A1D268 /* Main.storyboard in Resources */ = {isa = PBXBuildFile; fileRef = B3FD9966282D048C00A1D268 /* Main.storyboard */; };
		B3FD996A282D048C00A1D268 /* Assets.xcassets in Resources */ = {isa = PBXBuildFile; fileRef = B3FD9969282D048C00A1D268 /* Assets.xcassets */; };
		B3FD996D282D048C00A1D268 /* LaunchScreen.storyboard in Resources */ = {isa = PBXBuildFile; fileRef = B3FD996B282D048C00A1D268 /* LaunchScreen.storyboard */; };
		B3FD997B282DA10800A1D268 /* CustomBlurView.swift in Sources */ = {isa = PBXBuildFile; fileRef = B3FD9977282DA10800A1D268 /* CustomBlurView.swift */; };
		B3FD997C282DA10800A1D268 /* CustomUIView.swift in Sources */ = {isa = PBXBuildFile; fileRef = B3FD9978282DA10800A1D268 /* CustomUIView.swift */; };
		B3FD997D282DA10800A1D268 /* Font.swift in Sources */ = {isa = PBXBuildFile; fileRef = B3FD9979282DA10800A1D268 /* Font.swift */; };
		B3FD997E282DA10800A1D268 /* CustomImageView.swift in Sources */ = {isa = PBXBuildFile; fileRef = B3FD997A282DA10800A1D268 /* CustomImageView.swift */; };
/* End PBXBuildFile section */

/* Begin PBXFileReference section */
		B323FB4C283130330066C600 /* HandbookCollectionViewCell.swift */ = {isa = PBXFileReference; lastKnownFileType = sourcecode.swift; path = HandbookCollectionViewCell.swift; sourceTree = "<group>"; };
		B339A7662831527E0049E698 /* Course.swift */ = {isa = PBXFileReference; lastKnownFileType = sourcecode.swift; path = Course.swift; sourceTree = "<group>"; };
		B3F12CA7283A5DE40026B1D3 /* CoursesTableViewCell.swift */ = {isa = PBXFileReference; lastKnownFileType = sourcecode.swift; path = CoursesTableViewCell.swift; sourceTree = "<group>"; };
		B3FD995D282D048B00A1D268 /* Design+Code.app */ = {isa = PBXFileReference; explicitFileType = wrapper.application; includeInIndex = 0; path = "Design+Code.app"; sourceTree = BUILT_PRODUCTS_DIR; };
		B3FD9960282D048B00A1D268 /* AppDelegate.swift */ = {isa = PBXFileReference; lastKnownFileType = sourcecode.swift; path = AppDelegate.swift; sourceTree = "<group>"; };
		B3FD9962282D048B00A1D268 /* SceneDelegate.swift */ = {isa = PBXFileReference; lastKnownFileType = sourcecode.swift; path = SceneDelegate.swift; sourceTree = "<group>"; };
		B3FD9964282D048B00A1D268 /* FeaturedViewController.swift */ = {isa = PBXFileReference; lastKnownFileType = sourcecode.swift; path = FeaturedViewController.swift; sourceTree = "<group>"; };
		B3FD9967282D048C00A1D268 /* Base */ = {isa = PBXFileReference; lastKnownFileType = file.storyboard; name = Base; path = Base.lproj/Main.storyboard; sourceTree = "<group>"; };
		B3FD9969282D048C00A1D268 /* Assets.xcassets */ = {isa = PBXFileReference; lastKnownFileType = folder.assetcatalog; path = Assets.xcassets; sourceTree = "<group>"; };
		B3FD996C282D048C00A1D268 /* Base */ = {isa = PBXFileReference; lastKnownFileType = file.storyboard; name = Base; path = Base.lproj/LaunchScreen.storyboard; sourceTree = "<group>"; };
		B3FD996E282D048C00A1D268 /* Info.plist */ = {isa = PBXFileReference; lastKnownFileType = text.plist.xml; path = Info.plist; sourceTree = "<group>"; };
		B3FD9977282DA10800A1D268 /* CustomBlurView.swift */ = {isa = PBXFileReference; fileEncoding = 4; lastKnownFileType = sourcecode.swift; path = CustomBlurView.swift; sourceTree = "<group>"; };
		B3FD9978282DA10800A1D268 /* CustomUIView.swift */ = {isa = PBXFileReference; fileEncoding = 4; lastKnownFileType = sourcecode.swift; path = CustomUIView.swift; sourceTree = "<group>"; };
		B3FD9979282DA10800A1D268 /* Font.swift */ = {isa = PBXFileReference; fileEncoding = 4; lastKnownFileType = sourcecode.swift; path = Font.swift; sourceTree = "<group>"; };
		B3FD997A282DA10800A1D268 /* CustomImageView.swift */ = {isa = PBXFileReference; fileEncoding = 4; lastKnownFileType = sourcecode.swift; path = CustomImageView.swift; sourceTree = "<group>"; };
/* End PBXFileReference section */

/* Begin PBXFrameworksBuildPhase section */
		B3FD995A282D048B00A1D268 /* Frameworks */ = {
			isa = PBXFrameworksBuildPhase;
			buildActionMask = 2147483647;
			files = (
			);
			runOnlyForDeploymentPostprocessing = 0;
		};
/* End PBXFrameworksBuildPhase section */

/* Begin PBXGroup section */
		B38DCEFB2831A077004F4A76 /* View Controllers */ = {
			isa = PBXGroup;
			children = (
				B3FD9964282D048B00A1D268 /* FeaturedViewController.swift */,
			);
			path = "View Controllers";
			sourceTree = "<group>";
		};
		B38DCEFC2831A0AA004F4A76 /* Cells */ = {
			isa = PBXGroup;
			children = (
				B323FB4C283130330066C600 /* HandbookCollectionViewCell.swift */,
				B3F12CA7283A5DE40026B1D3 /* CoursesTableViewCell.swift */,
			);
			path = Cells;
			sourceTree = "<group>";
		};
		B38DCEFD2831A0C2004F4A76 /* Classes */ = {
			isa = PBXGroup;
			children = (
				B339A7662831527E0049E698 /* Course.swift */,
			);
			path = Classes;
			sourceTree = "<group>";
		};
		B3FD9954282D048B00A1D268 = {
			isa = PBXGroup;
			children = (
				B3FD995F282D048B00A1D268 /* Design+Code */,
				B3FD995E282D048B00A1D268 /* Products */,
			);
			sourceTree = "<group>";
		};
		B3FD995E282D048B00A1D268 /* Products */ = {
			isa = PBXGroup;
			children = (
				B3FD995D282D048B00A1D268 /* Design+Code.app */,
			);
			name = Products;
			sourceTree = "<group>";
		};
		B3FD995F282D048B00A1D268 /* Design+Code */ = {
			isa = PBXGroup;
			children = (
				B3FD9960282D048B00A1D268 /* AppDelegate.swift */,
				B3FD9962282D048B00A1D268 /* SceneDelegate.swift */,
				B38DCEFB2831A077004F4A76 /* View Controllers */,
				B38DCEFC2831A0AA004F4A76 /* Cells */,
				B38DCEFD2831A0C2004F4A76 /* Classes */,
				B3FD9976282DA10800A1D268 /* Helpers */,
				B3FD9966282D048C00A1D268 /* Main.storyboard */,
				B3FD9969282D048C00A1D268 /* Assets.xcassets */,
				B3FD996B282D048C00A1D268 /* LaunchScreen.storyboard */,
				B3FD996E282D048C00A1D268 /* Info.plist */,
			);
			path = "Design+Code";
			sourceTree = "<group>";
		};
		B3FD9976282DA10800A1D268 /* Helpers */ = {
			isa = PBXGroup;
			children = (
				B3FD9977282DA10800A1D268 /* CustomBlurView.swift */,
				B3FD9978282DA10800A1D268 /* CustomUIView.swift */,
				B3FD9979282DA10800A1D268 /* Font.swift */,
				B3FD997A282DA10800A1D268 /* CustomImageView.swift */,
			);
			path = Helpers;
			sourceTree = "<group>";
		};
/* End PBXGroup section */

/* Begin PBXNativeTarget section */
		B3FD995C282D048B00A1D268 /* Design+Code */ = {
			isa = PBXNativeTarget;
			buildConfigurationList = B3FD9971282D048C00A1D268 /* Build configuration list for PBXNativeTarget "Design+Code" */;
			buildPhases = (
				B3FD9959282D048B00A1D268 /* Sources */,
				B3FD995A282D048B00A1D268 /* Frameworks */,
				B3FD995B282D048B00A1D268 /* Resources */,
			);
			buildRules = (
			);
			dependencies = (
			);
			name = "Design+Code";
			productName = "Design+Code";
			productReference = B3FD995D282D048B00A1D268 /* Design+Code.app */;
			productType = "com.apple.product-type.application";
		};
/* End PBXNativeTarget section */

/* Begin PBXProject section */
		B3FD9955282D048B00A1D268 /* Project object */ = {
			isa = PBXProject;
			attributes = {
				BuildIndependentTargetsInParallel = 1;
				LastSwiftUpdateCheck = 1320;
				LastUpgradeCheck = 1320;
				TargetAttributes = {
					B3FD995C282D048B00A1D268 = {
						CreatedOnToolsVersion = 13.2.1;
					};
				};
			};
			buildConfigurationList = B3FD9958282D048B00A1D268 /* Build configuration list for PBXProject "Design+Code" */;
			compatibilityVersion = "Xcode 13.0";
			developmentRegion = en;
			hasScannedForEncodings = 0;
			knownRegions = (
				en,
				Base,
			);
			mainGroup = B3FD9954282D048B00A1D268;
			productRefGroup = B3FD995E282D048B00A1D268 /* Products */;
			projectDirPath = "";
			projectRoot = "";
			targets = (
				B3FD995C282D048B00A1D268 /* Design+Code */,
			);
		};
/* End PBXProject section */

/* Begin PBXResourcesBuildPhase section */
		B3FD995B282D048B00A1D268 /* Resources */ = {
			isa = PBXResourcesBuildPhase;
			buildActionMask = 2147483647;
			files = (
				B3FD996D282D048C00A1D268 /* LaunchScreen.storyboard in Resources */,
				B3FD996A282D048C00A1D268 /* Assets.xcassets in Resources */,
				B3FD9968282D048C00A1D268 /* Main.storyboard in Resources */,
			);
			runOnlyForDeploymentPostprocessing = 0;
		};
/* End PBXResourcesBuildPhase section */

/* Begin PBXSourcesBuildPhase section */
		B3FD9959282D048B00A1D268 /* Sources */ = {
			isa = PBXSourcesBuildPhase;
			buildActionMask = 2147483647;
			files = (
				B339A7672831527E0049E698 /* Course.swift in Sources */,
				B323FB4D283130330066C600 /* HandbookCollectionViewCell.swift in Sources */,
				B3FD9965282D048B00A1D268 /* FeaturedViewController.swift in Sources */,
				B3FD997C282DA10800A1D268 /* CustomUIView.swift in Sources */,
				B3FD997D282DA10800A1D268 /* Font.swift in Sources */,
				B3FD997E282DA10800A1D268 /* CustomImageView.swift in Sources */,
				B3FD9961282D048B00A1D268 /* AppDelegate.swift in Sources */,
				B3FD997B282DA10800A1D268 /* CustomBlurView.swift in Sources */,
				B3F12CA8283A5DE40026B1D3 /* CoursesTableViewCell.swift in Sources */,
				B3FD9963282D048B00A1D268 /* SceneDelegate.swift in Sources */,
			);
			runOnlyForDeploymentPostprocessing = 0;
		};
/* End PBXSourcesBuildPhase section */

/* Begin PBXVariantGroup section */
		B3FD9966282D048C00A1D268 /* Main.storyboard */ = {
			isa = PBXVariantGroup;
			children = (
				B3FD9967282D048C00A1D268 /* Base */,
			);
			name = Main.storyboard;
			sourceTree = "<group>";
		};
		B3FD996B282D048C00A1D268 /* LaunchScreen.storyboard */ = {
			isa = PBXVariantGroup;
			children = (
				B3FD996C282D048C00A1D268 /* Base */,
			);
			name = LaunchScreen.storyboard;
			sourceTree = "<group>";
		};
/* End PBXVariantGroup section */

/* Begin XCBuildConfiguration section */
		B3FD996F282D048C00A1D268 /* Debug */ = {
			isa = XCBuildConfiguration;
			buildSettings = {
				ALWAYS_SEARCH_USER_PATHS = NO;
				CLANG_ANALYZER_NONNULL = YES;
				CLANG_ANALYZER_NUMBER_OBJECT_CONVERSION = YES_AGGRESSIVE;
				CLANG_CXX_LANGUAGE_STANDARD = "gnu++17";
				CLANG_CXX_LIBRARY = "libc++";
				CLANG_ENABLE_MODULES = YES;
				CLANG_ENABLE_OBJC_ARC = YES;
				CLANG_ENABLE_OBJC_WEAK = YES;
				CLANG_WARN_BLOCK_CAPTURE_AUTORELEASING = YES;
				CLANG_WARN_BOOL_CONVERSION = YES;
				CLANG_WARN_COMMA = YES;
				CLANG_WARN_CONSTANT_CONVERSION = YES;
				CLANG_WARN_DEPRECATED_OBJC_IMPLEMENTATIONS = YES;
				CLANG_WARN_DIRECT_OBJC_ISA_USAGE = YES_ERROR;
				CLANG_WARN_DOCUMENTATION_COMMENTS = YES;
				CLANG_WARN_EMPTY_BODY = YES;
				CLANG_WARN_ENUM_CONVERSION = YES;
				CLANG_WARN_INFINITE_RECURSION = YES;
				CLANG_WARN_INT_CONVERSION = YES;
				CLANG_WARN_NON_LITERAL_NULL_CONVERSION = YES;
				CLANG_WARN_OBJC_IMPLICIT_RETAIN_SELF = YES;
				CLANG_WARN_OBJC_LITERAL_CONVERSION = YES;
				CLANG_WARN_OBJC_ROOT_CLASS = YES_ERROR;
				CLANG_WARN_QUOTED_INCLUDE_IN_FRAMEWORK_HEADER = YES;
				CLANG_WARN_RANGE_LOOP_ANALYSIS = YES;
				CLANG_WARN_STRICT_PROTOTYPES = YES;
				CLANG_WARN_SUSPICIOUS_MOVE = YES;
				CLANG_WARN_UNGUARDED_AVAILABILITY = YES_AGGRESSIVE;
				CLANG_WARN_UNREACHABLE_CODE = YES;
				CLANG_WARN__DUPLICATE_METHOD_MATCH = YES;
				COPY_PHASE_STRIP = NO;
				DEBUG_INFORMATION_FORMAT = dwarf;
				ENABLE_STRICT_OBJC_MSGSEND = YES;
				ENABLE_TESTABILITY = YES;
				GCC_C_LANGUAGE_STANDARD = gnu11;
				GCC_DYNAMIC_NO_PIC = NO;
				GCC_NO_COMMON_BLOCKS = YES;
				GCC_OPTIMIZATION_LEVEL = 0;
				GCC_PREPROCESSOR_DEFINITIONS = (
					"DEBUG=1",
					"$(inherited)",
				);
				GCC_WARN_64_TO_32_BIT_CONVERSION = YES;
				GCC_WARN_ABOUT_RETURN_TYPE = YES_ERROR;
				GCC_WARN_UNDECLARED_SELECTOR = YES;
				GCC_WARN_UNINITIALIZED_AUTOS = YES_AGGRESSIVE;
				GCC_WARN_UNUSED_FUNCTION = YES;
				GCC_WARN_UNUSED_VARIABLE = YES;
				IPHONEOS_DEPLOYMENT_TARGET = 15.2;
				MTL_ENABLE_DEBUG_INFO = INCLUDE_SOURCE;
				MTL_FAST_MATH = YES;
				ONLY_ACTIVE_ARCH = YES;
				SDKROOT = iphoneos;
				SWIFT_ACTIVE_COMPILATION_CONDITIONS = DEBUG;
				SWIFT_OPTIMIZATION_LEVEL = "-Onone";
			};
			name = Debug;
		};
		B3FD9970282D048C00A1D268 /* Release */ = {
			isa = XCBuildConfiguration;
			buildSettings = {
				ALWAYS_SEARCH_USER_PATHS = NO;
				CLANG_ANALYZER_NONNULL = YES;
				CLANG_ANALYZER_NUMBER_OBJECT_CONVERSION = YES_AGGRESSIVE;
				CLANG_CXX_LANGUAGE_STANDARD = "gnu++17";
				CLANG_CXX_LIBRARY = "libc++";
				CLANG_ENABLE_MODULES = YES;
				CLANG_ENABLE_OBJC_ARC = YES;
				CLANG_ENABLE_OBJC_WEAK = YES;
				CLANG_WARN_BLOCK_CAPTURE_AUTORELEASING = YES;
				CLANG_WARN_BOOL_CONVERSION = YES;
				CLANG_WARN_COMMA = YES;
				CLANG_WARN_CONSTANT_CONVERSION = YES;
				CLANG_WARN_DEPRECATED_OBJC_IMPLEMENTATIONS = YES;
				CLANG_WARN_DIRECT_OBJC_ISA_USAGE = YES_ERROR;
				CLANG_WARN_DOCUMENTATION_COMMENTS = YES;
				CLANG_WARN_EMPTY_BODY = YES;
				CLANG_WARN_ENUM_CONVERSION = YES;
				CLANG_WARN_INFINITE_RECURSION = YES;
				CLANG_WARN_INT_CONVERSION = YES;
				CLANG_WARN_NON_LITERAL_NULL_CONVERSION = YES;
				CLANG_WARN_OBJC_IMPLICIT_RETAIN_SELF = YES;
				CLANG_WARN_OBJC_LITERAL_CONVERSION = YES;
				CLANG_WARN_OBJC_ROOT_CLASS = YES_ERROR;
				CLANG_WARN_QUOTED_INCLUDE_IN_FRAMEWORK_HEADER = YES;
				CLANG_WARN_RANGE_LOOP_ANALYSIS = YES;
				CLANG_WARN_STRICT_PROTOTYPES = YES;
				CLANG_WARN_SUSPICIOUS_MOVE = YES;
				CLANG_WARN_UNGUARDED_AVAILABILITY = YES_AGGRESSIVE;
				CLANG_WARN_UNREACHABLE_CODE = YES;
				CLANG_WARN__DUPLICATE_METHOD_MATCH = YES;
				COPY_PHASE_STRIP = NO;
				DEBUG_INFORMATION_FORMAT = "dwarf-with-dsym";
				ENABLE_NS_ASSERTIONS = NO;
				ENABLE_STRICT_OBJC_MSGSEND = YES;
				GCC_C_LANGUAGE_STANDARD = gnu11;
				GCC_NO_COMMON_BLOCKS = YES;
				GCC_WARN_64_TO_32_BIT_CONVERSION = YES;
				GCC_WARN_ABOUT_RETURN_TYPE = YES_ERROR;
				GCC_WARN_UNDECLARED_SELECTOR = YES;
				GCC_WARN_UNINITIALIZED_AUTOS = YES_AGGRESSIVE;
				GCC_WARN_UNUSED_FUNCTION = YES;
				GCC_WARN_UNUSED_VARIABLE = YES;
				IPHONEOS_DEPLOYMENT_TARGET = 15.2;
				MTL_ENABLE_DEBUG_INFO = NO;
				MTL_FAST_MATH = YES;
				SDKROOT = iphoneos;
				SWIFT_COMPILATION_MODE = wholemodule;
				SWIFT_OPTIMIZATION_LEVEL = "-O";
				VALIDATE_PRODUCT = YES;
			};
			name = Release;
		};
		B3FD9972282D048C00A1D268 /* Debug */ = {
			isa = XCBuildConfiguration;
			buildSettings = {
				ASSETCATALOG_COMPILER_APPICON_NAME = AppIcon;
				ASSETCATALOG_COMPILER_GLOBAL_ACCENT_COLOR_NAME = AccentColor;
				CODE_SIGN_STYLE = Automatic;
				CURRENT_PROJECT_VERSION = 1;
				DEVELOPMENT_TEAM = NWFL563LK6;
				GENERATE_INFOPLIST_FILE = YES;
				INFOPLIST_FILE = "Design+Code/Info.plist";
				INFOPLIST_KEY_UIApplicationSupportsIndirectInputEvents = YES;
				INFOPLIST_KEY_UILaunchStoryboardName = LaunchScreen;
				INFOPLIST_KEY_UIMainStoryboardFile = Main;
				INFOPLIST_KEY_UISupportedInterfaceOrientations_iPad = "UIInterfaceOrientationPortrait UIInterfaceOrientationPortraitUpsideDown UIInterfaceOrientationLandscapeLeft UIInterfaceOrientationLandscapeRight";
				INFOPLIST_KEY_UISupportedInterfaceOrientations_iPhone = "UIInterfaceOrientationPortrait UIInterfaceOrientationLandscapeLeft UIInterfaceOrientationLandscapeRight";
				LD_RUNPATH_SEARCH_PATHS = (
					"$(inherited)",
					"@executable_path/Frameworks",
				);
				MARKETING_VERSION = 1.0;
				PRODUCT_BUNDLE_IDENTIFIER = "mikail.Design-Code";
				PRODUCT_NAME = "$(TARGET_NAME)";
				SWIFT_EMIT_LOC_STRINGS = YES;
				SWIFT_VERSION = 5.0;
				TARGETED_DEVICE_FAMILY = "1,2";
			};
			name = Debug;
		};
		B3FD9973282D048C00A1D268 /* Release */ = {
			isa = XCBuildConfiguration;
			buildSettings = {
				ASSETCATALOG_COMPILER_APPICON_NAME = AppIcon;
				ASSETCATALOG_COMPILER_GLOBAL_ACCENT_COLOR_NAME = AccentColor;
				CODE_SIGN_STYLE = Automatic;
				CURRENT_PROJECT_VERSION = 1;
				DEVELOPMENT_TEAM = NWFL563LK6;
				GENERATE_INFOPLIST_FILE = YES;
				INFOPLIST_FILE = "Design+Code/Info.plist";
				INFOPLIST_KEY_UIApplicationSupportsIndirectInputEvents = YES;
				INFOPLIST_KEY_UILaunchStoryboardName = LaunchScreen;
				INFOPLIST_KEY_UIMainStoryboardFile = Main;
				INFOPLIST_KEY_UISupportedInterfaceOrientations_iPad = "UIInterfaceOrientationPortrait UIInterfaceOrientationPortraitUpsideDown UIInterfaceOrientationLandscapeLeft UIInterfaceOrientationLandscapeRight";
				INFOPLIST_KEY_UISupportedInterfaceOrientations_iPhone = "UIInterfaceOrientationPortrait UIInterfaceOrientationLandscapeLeft UIInterfaceOrientationLandscapeRight";
				LD_RUNPATH_SEARCH_PATHS = (
					"$(inherited)",
					"@executable_path/Frameworks",
				);
				MARKETING_VERSION = 1.0;
				PRODUCT_BUNDLE_IDENTIFIER = "mikail.Design-Code";
				PRODUCT_NAME = "$(TARGET_NAME)";
				SWIFT_EMIT_LOC_STRINGS = YES;
				SWIFT_VERSION = 5.0;
				TARGETED_DEVICE_FAMILY = "1,2";
			};
			name = Release;
		};
/* End XCBuildConfiguration section */

/* Begin XCConfigurationList section */
		B3FD9958282D048B00A1D268 /* Build configuration list for PBXProject "Design+Code" */ = {
			isa = XCConfigurationList;
			buildConfigurations = (
				B3FD996F282D048C00A1D268 /* Debug */,
				B3FD9970282D048C00A1D268 /* Release */,
			);
			defaultConfigurationIsVisible = 0;
			defaultConfigurationName = Release;
		};
		B3FD9971282D048C00A1D268 /* Build configuration list for PBXNativeTarget "Design+Code" */ = {
			isa = XCConfigurationList;
			buildConfigurations = (
				B3FD9972282D048C00A1D268 /* Debug */,
				B3FD9973282D048C00A1D268 /* Release */,
			);
			defaultConfigurationIsVisible = 0;
			defaultConfigurationName = Release;
		};
/* End XCConfigurationList section */
	};
	rootObject = B3FD9955282D048B00A1D268 /* Project object */;
}
